
Microsoft Visual Studio Solution File, Format Version 12.00
# Visual Studio Version 17
VisualStudioVersion = 17.9.34728.123
MinimumVisualStudioVersion = 10.0.40219.1
Project("{FAE04EC0-301F-11D3-BF4B-00C04F79EFBC}") = "Warehouse", "Warehouse\Warehouse.csproj", "{95F7E4E3-18D2-4C9D-8CF6-2CB5BF4C4CC4}"
EndProject
Global
	GlobalSection(SolutionConfigurationPlatforms) = preSolution
		Debug|Any CPU = Debug|Any CPU
		Release|Any CPU = Release|Any CPU
	EndGlobalSection
	GlobalSection(ProjectConfigurationPlatforms) = postSolution
		{95F7E4E3-18D2-4C9D-8CF6-2CB5BF4C4CC4}.Debug|Any CPU.ActiveCfg = Debug|Any CPU
		{95F7E4E3-18D2-4C9D-8CF6-2CB5BF4C4CC4}.Debug|Any CPU.Build.0 = Debug|Any CPU
		{95F7E4E3-18D2-4C9D-8CF6-2CB5BF4C4CC4}.Release|Any CPU.ActiveCfg = Release|Any CPU
		{95F7E4E3-18D2-4C9D-8CF6-2CB5BF4C4CC4}.Release|Any CPU.Build.0 = Release|Any CPU
	EndGlobalSection
	GlobalSection(SolutionProperties) = preSolution
		HideSolutionNode = FALSE
	EndGlobalSection
	GlobalSection(ExtensibilityGlobals) = postSolution
		SolutionGuid = {8FD46C6F-7E44-4C05-86EC-8A997DD2BFDB}
	EndGlobalSection
EndGlobal
